
Microsoft Visual Studio Solution File, Format Version 12.00
# Visual Studio Version 17
VisualStudioVersion = 17.4.33403.182
MinimumVisualStudioVersion = 10.0.40219.1
Project("{9A19103F-16F7-4668-BE54-9A1E7A4F7556}") = "AngularAuthAPI", "AngularAuthAPI.csproj", "{18652602-32FF-45A8-A42F-DFE4F830E4B0}"
EndProject
Global
	GlobalSection(SolutionConfigurationPlatforms) = preSolution
		Debug|Any CPU = Debug|Any CPU
		Release|Any CPU = Release|Any CPU
	EndGlobalSection
	GlobalSection(ProjectConfigurationPlatforms) = postSolution
		{18652602-32FF-45A8-A42F-DFE4F830E4B0}.Debug|Any CPU.ActiveCfg = Debug|Any CPU
		{18652602-32FF-45A8-A42F-DFE4F830E4B0}.Debug|Any CPU.Build.0 = Debug|Any CPU
		{18652602-32FF-45A8-A42F-DFE4F830E4B0}.Release|Any CPU.ActiveCfg = Release|Any CPU
		{18652602-32FF-45A8-A42F-DFE4F830E4B0}.Release|Any CPU.Build.0 = Release|Any CPU
	EndGlobalSection
	GlobalSection(SolutionProperties) = preSolution
		HideSolutionNode = FALSE
	EndGlobalSection
	GlobalSection(ExtensibilityGlobals) = postSolution
		SolutionGuid = {7B11DBF0-C4EA-4BCE-83AE-FABD6C5ABF2C}
	EndGlobalSection
EndGlobal
